// !$*UTF8*$!
{
	archiveVersion = 1;
	classes = {
	};
	objectVersion = 46;
	objects = {

/* Begin PBXBuildFile section */
		C3D824C81F1325A90033739B /* main.m in Sources */ = {isa = PBXBuildFile; fileRef = C3D824C71F1325A90033739B /* main.m */; };
		C3D824CB1F1325A90033739B /* AppDelegate.m in Sources */ = {isa = PBXBuildFile; fileRef = C3D824CA1F1325A90033739B /* AppDelegate.m */; };
		C3D824CE1F1325A90033739B /* ViewController.m in Sources */ = {isa = PBXBuildFile; fileRef = C3D824CD1F1325A90033739B /* ViewController.m */; };
		C3D824D11F1325A90033739B /* Main.storyboard in Resources */ = {isa = PBXBuildFile; fileRef = C3D824CF1F1325A90033739B /* Main.storyboard */; };
		C3D824D41F1325A90033739B /* TestTaskTranslate.xcdatamodeld in Sources */ = {isa = PBXBuildFile; fileRef = C3D824D21F1325A90033739B /* TestTaskTranslate.xcdatamodeld */; };
		C3D824D61F1325A90033739B /* Assets.xcassets in Resources */ = {isa = PBXBuildFile; fileRef = C3D824D51F1325A90033739B /* Assets.xcassets */; };
		C3D824D91F1325A90033739B /* LaunchScreen.storyboard in Resources */ = {isa = PBXBuildFile; fileRef = C3D824D71F1325A90033739B /* LaunchScreen.storyboard */; };
		C3D824E41F1325A90033739B /* TestTaskTranslateTests.m in Sources */ = {isa = PBXBuildFile; fileRef = C3D824E31F1325A90033739B /* TestTaskTranslateTests.m */; };
		C3D824EF1F1325A90033739B /* TestTaskTranslateUITests.m in Sources */ = {isa = PBXBuildFile; fileRef = C3D824EE1F1325A90033739B /* TestTaskTranslateUITests.m */; };
/* End PBXBuildFile section */

/* Begin PBXContainerItemProxy section */
		C3D824E01F1325A90033739B /* PBXContainerItemProxy */ = {
			isa = PBXContainerItemProxy;
			containerPortal = C3D824BB1F1325A90033739B /* Project object */;
			proxyType = 1;
			remoteGlobalIDString = C3D824C21F1325A90033739B;
			remoteInfo = TestTaskTranslate;
		};
		C3D824EB1F1325A90033739B /* PBXContainerItemProxy */ = {
			isa = PBXContainerItemProxy;
			containerPortal = C3D824BB1F1325A90033739B /* Project object */;
			proxyType = 1;
			remoteGlobalIDString = C3D824C21F1325A90033739B;
			remoteInfo = TestTaskTranslate;
		};
/* End PBXContainerItemProxy section */

/* Begin PBXFileReference section */
		C3D824C31F1325A90033739B /* TestTaskTranslate.app */ = {isa = PBXFileReference; explicitFileType = wrapper.application; includeInIndex = 0; path = TestTaskTranslate.app; sourceTree = BUILT_PRODUCTS_DIR; };
		C3D824C71F1325A90033739B /* main.m */ = {isa = PBXFileReference; lastKnownFileType = sourcecode.c.objc; path = main.m; sourceTree = "<group>"; };
		C3D824C91F1325A90033739B /* AppDelegate.h */ = {isa = PBXFileReference; lastKnownFileType = sourcecode.c.h; path = AppDelegate.h; sourceTree = "<group>"; };
		C3D824CA1F1325A90033739B /* AppDelegate.m */ = {isa = PBXFileReference; lastKnownFileType = sourcecode.c.objc; path = AppDelegate.m; sourceTree = "<group>"; };
		C3D824CC1F1325A90033739B /* ViewController.h */ = {isa = PBXFileReference; lastKnownFileType = sourcecode.c.h; path = ViewController.h; sourceTree = "<group>"; };
		C3D824CD1F1325A90033739B /* ViewController.m */ = {isa = PBXFileReference; lastKnownFileType = sourcecode.c.objc; path = ViewController.m; sourceTree = "<group>"; };
		C3D824D01F1325A90033739B /* Base */ = {isa = PBXFileReference; lastKnownFileType = file.storyboard; name = Base; path = Base.lproj/Main.storyboard; sourceTree = "<group>"; };
		C3D824D31F1325A90033739B /* TestTaskTranslate.xcdatamodel */ = {isa = PBXFileReference; lastKnownFileType = wrapper.xcdatamodel; path = TestTaskTranslate.xcdatamodel; sourceTree = "<group>"; };
		C3D824D51F1325A90033739B /* Assets.xcassets */ = {isa = PBXFileReference; lastKnownFileType = folder.assetcatalog; path = Assets.xcassets; sourceTree = "<group>"; };
		C3D824D81F1325A90033739B /* Base */ = {isa = PBXFileReference; lastKnownFileType = file.storyboard; name = Base; path = Base.lproj/LaunchScreen.storyboard; sourceTree = "<group>"; };
		C3D824DA1F1325A90033739B /* Info.plist */ = {isa = PBXFileReference; lastKnownFileType = text.plist.xml; path = Info.plist; sourceTree = "<group>"; };
		C3D824DF1F1325A90033739B /* TestTaskTranslateTests.xctest */ = {isa = PBXFileReference; explicitFileType = wrapper.cfbundle; includeInIndex = 0; path = TestTaskTranslateTests.xctest; sourceTree = BUILT_PRODUCTS_DIR; };
		C3D824E31F1325A90033739B /* TestTaskTranslateTests.m */ = {isa = PBXFileReference; lastKnownFileType = sourcecode.c.objc; path = TestTaskTranslateTests.m; sourceTree = "<group>"; };
		C3D824E51F1325A90033739B /* Info.plist */ = {isa = PBXFileReference; lastKnownFileType = text.plist.xml; path = Info.plist; sourceTree = "<group>"; };
		C3D824EA1F1325A90033739B /* TestTaskTranslateUITests.xctest */ = {isa = PBXFileReference; explicitFileType = wrapper.cfbundle; includeInIndex = 0; path = TestTaskTranslateUITests.xctest; sourceTree = BUILT_PRODUCTS_DIR; };
		C3D824EE1F1325A90033739B /* TestTaskTranslateUITests.m */ = {isa = PBXFileReference; lastKnownFileType = sourcecode.c.objc; path = TestTaskTranslateUITests.m; sourceTree = "<group>"; };
		C3D824F01F1325A90033739B /* Info.plist */ = {isa = PBXFileReference; lastKnownFileType = text.plist.xml; path = Info.plist; sourceTree = "<group>"; };
/* End PBXFileReference section */

/* Begin PBXFrameworksBuildPhase section */
		C3D824C01F1325A90033739B /* Frameworks */ = {
			isa = PBXFrameworksBuildPhase;
			buildActionMask = 2147483647;
			files = (
			);
			runOnlyForDeploymentPostprocessing = 0;
		};
		C3D824DC1F1325A90033739B /* Frameworks */ = {
			isa = PBXFrameworksBuildPhase;
			buildActionMask = 2147483647;
			files = (
			);
			runOnlyForDeploymentPostprocessing = 0;
		};
		C3D824E71F1325A90033739B /* Frameworks */ = {
			isa = PBXFrameworksBuildPhase;
			buildActionMask = 2147483647;
			files = (
			);
			runOnlyForDeploymentPostprocessing = 0;
		};
/* End PBXFrameworksBuildPhase section */

/* Begin PBXGroup section */
		C3D824BA1F1325A90033739B = {
			isa = PBXGroup;
			children = (
				C3D824C51F1325A90033739B /* TestTaskTranslate */,
				C3D824E21F1325A90033739B /* TestTaskTranslateTests */,
				C3D824ED1F1325A90033739B /* TestTaskTranslateUITests */,
				C3D824C41F1325A90033739B /* Products */,
			);
			sourceTree = "<group>";
		};
		C3D824C41F1325A90033739B /* Products */ = {
			isa = PBXGroup;
			children = (
				C3D824C31F1325A90033739B /* TestTaskTranslate.app */,
				C3D824DF1F1325A90033739B /* TestTaskTranslateTests.xctest */,
				C3D824EA1F1325A90033739B /* TestTaskTranslateUITests.xctest */,
			);
			name = Products;
			sourceTree = "<group>";
		};
		C3D824C51F1325A90033739B /* TestTaskTranslate */ = {
			isa = PBXGroup;
			children = (
				C3D824C91F1325A90033739B /* AppDelegate.h */,
				C3D824CA1F1325A90033739B /* AppDelegate.m */,
				C3D824CC1F1325A90033739B /* ViewController.h */,
				C3D824CD1F1325A90033739B /* ViewController.m */,
				C3D824CF1F1325A90033739B /* Main.storyboard */,
				C3D824D51F1325A90033739B /* Assets.xcassets */,
				C3D824D71F1325A90033739B /* LaunchScreen.storyboard */,
				C3D824DA1F1325A90033739B /* Info.plist */,
				C3D824D21F1325A90033739B /* TestTaskTranslate.xcdatamodeld */,
				C3D824C61F1325A90033739B /* Supporting Files */,
			);
			path = TestTaskTranslate;
			sourceTree = "<group>";
		};
		C3D824C61F1325A90033739B /* Supporting Files */ = {
			isa = PBXGroup;
			children = (
				C3D824C71F1325A90033739B /* main.m */,
			);
			name = "Supporting Files";
			sourceTree = "<group>";
		};
		C3D824E21F1325A90033739B /* TestTaskTranslateTests */ = {
			isa = PBXGroup;
			children = (
				C3D824E31F1325A90033739B /* TestTaskTranslateTests.m */,
				C3D824E51F1325A90033739B /* Info.plist */,
			);
			path = TestTaskTranslateTests;
			sourceTree = "<group>";
		};
		C3D824ED1F1325A90033739B /* TestTaskTranslateUITests */ = {
			isa = PBXGroup;
			children = (
				C3D824EE1F1325A90033739B /* TestTaskTranslateUITests.m */,
				C3D824F01F1325A90033739B /* Info.plist */,
			);
			path = TestTaskTranslateUITests;
			sourceTree = "<group>";
		};
/* End PBXGroup section */

/* Begin PBXNativeTarget section */
		C3D824C21F1325A90033739B /* TestTaskTranslate */ = {
			isa = PBXNativeTarget;
			buildConfigurationList = C3D824F31F1325A90033739B /* Build configuration list for PBXNativeTarget "TestTaskTranslate" */;
			buildPhases = (
				C3D824BF1F1325A90033739B /* Sources */,
				C3D824C01F1325A90033739B /* Frameworks */,
				C3D824C11F1325A90033739B /* Resources */,
			);
			buildRules = (
			);
			dependencies = (
			);
			name = TestTaskTranslate;
			productName = TestTaskTranslate;
			productReference = C3D824C31F1325A90033739B /* TestTaskTranslate.app */;
			productType = "com.apple.product-type.application";
		};
		C3D824DE1F1325A90033739B /* TestTaskTranslateTests */ = {
			isa = PBXNativeTarget;
			buildConfigurationList = C3D824F61F1325A90033739B /* Build configuration list for PBXNativeTarget "TestTaskTranslateTests" */;
			buildPhases = (
				C3D824DB1F1325A90033739B /* Sources */,
				C3D824DC1F1325A90033739B /* Frameworks */,
				C3D824DD1F1325A90033739B /* Resources */,
			);
			buildRules = (
			);
			dependencies = (
				C3D824E11F1325A90033739B /* PBXTargetDependency */,
			);
			name = TestTaskTranslateTests;
			productName = TestTaskTranslateTests;
			productReference = C3D824DF1F1325A90033739B /* TestTaskTranslateTests.xctest */;
			productType = "com.apple.product-type.bundle.unit-test";
		};
		C3D824E91F1325A90033739B /* TestTaskTranslateUITests */ = {
			isa = PBXNativeTarget;
			buildConfigurationList = C3D824F91F1325A90033739B /* Build configuration list for PBXNativeTarget "TestTaskTranslateUITests" */;
			buildPhases = (
				C3D824E61F1325A90033739B /* Sources */,
				C3D824E71F1325A90033739B /* Frameworks */,
				C3D824E81F1325A90033739B /* Resources */,
			);
			buildRules = (
			);
			dependencies = (
				C3D824EC1F1325A90033739B /* PBXTargetDependency */,
			);
			name = TestTaskTranslateUITests;
			productName = TestTaskTranslateUITests;
			productReference = C3D824EA1F1325A90033739B /* TestTaskTranslateUITests.xctest */;
			productType = "com.apple.product-type.bundle.ui-testing";
		};
/* End PBXNativeTarget section */

/* Begin PBXProject section */
		C3D824BB1F1325A90033739B /* Project object */ = {
			isa = PBXProject;
			attributes = {
				LastUpgradeCheck = 0830;
				ORGANIZATIONNAME = "Vladislav Novoseltsev";
				TargetAttributes = {
					C3D824C21F1325A90033739B = {
						CreatedOnToolsVersion = 8.3.3;
						ProvisioningStyle = Automatic;
					};
					C3D824DE1F1325A90033739B = {
						CreatedOnToolsVersion = 8.3.3;
						ProvisioningStyle = Automatic;
						TestTargetID = C3D824C21F1325A90033739B;
					};
					C3D824E91F1325A90033739B = {
						CreatedOnToolsVersion = 8.3.3;
						ProvisioningStyle = Automatic;
						TestTargetID = C3D824C21F1325A90033739B;
					};
				};
			};
			buildConfigurationList = C3D824BE1F1325A90033739B /* Build configuration list for PBXProject "TestTaskTranslate" */;
			compatibilityVersion = "Xcode 3.2";
			developmentRegion = English;
			hasScannedForEncodings = 0;
			knownRegions = (
				en,
				Base,
			);
			mainGroup = C3D824BA1F1325A90033739B;
			productRefGroup = C3D824C41F1325A90033739B /* Products */;
			projectDirPath = "";
			projectRoot = "";
			targets = (
				C3D824C21F1325A90033739B /* TestTaskTranslate */,
				C3D824DE1F1325A90033739B /* TestTaskTranslateTests */,
				C3D824E91F1325A90033739B /* TestTaskTranslateUITests */,
			);
		};
/* End PBXProject section */

/* Begin PBXResourcesBuildPhase section */
		C3D824C11F1325A90033739B /* Resources */ = {
			isa = PBXResourcesBuildPhase;
			buildActionMask = 2147483647;
			files = (
				C3D824D91F1325A90033739B /* LaunchScreen.storyboard in Resources */,
				C3D824D61F1325A90033739B /* Assets.xcassets in Resources */,
				C3D824D11F1325A90033739B /* Main.storyboard in Resources */,
			);
			runOnlyForDeploymentPostprocessing = 0;
		};
		C3D824DD1F1325A90033739B /* Resources */ = {
			isa = PBXResourcesBuildPhase;
			buildActionMask = 2147483647;
			files = (
			);
			runOnlyForDeploymentPostprocessing = 0;
		};
		C3D824E81F1325A90033739B /* Resources */ = {
			isa = PBXResourcesBuildPhase;
			buildActionMask = 2147483647;
			files = (
			);
			runOnlyForDeploymentPostprocessing = 0;
		};
/* End PBXResourcesBuildPhase section */

/* Begin PBXSourcesBuildPhase section */
		C3D824BF1F1325A90033739B /* Sources */ = {
			isa = PBXSourcesBuildPhase;
			buildActionMask = 2147483647;
			files = (
				C3D824CE1F1325A90033739B /* ViewController.m in Sources */,
				C3D824CB1F1325A90033739B /* AppDelegate.m in Sources */,
				C3D824C81F1325A90033739B /* main.m in Sources */,
				C3D824D41F1325A90033739B /* TestTaskTranslate.xcdatamodeld in Sources */,
			);
			runOnlyForDeploymentPostprocessing = 0;
		};
		C3D824DB1F1325A90033739B /* Sources */ = {
			isa = PBXSourcesBuildPhase;
			buildActionMask = 2147483647;
			files = (
				C3D824E41F1325A90033739B /* TestTaskTranslateTests.m in Sources */,
			);
			runOnlyForDeploymentPostprocessing = 0;
		};
		C3D824E61F1325A90033739B /* Sources */ = {
			isa = PBXSourcesBuildPhase;
			buildActionMask = 2147483647;
			files = (
				C3D824EF1F1325A90033739B /* TestTaskTranslateUITests.m in Sources */,
			);
			runOnlyForDeploymentPostprocessing = 0;
		};
/* End PBXSourcesBuildPhase section */

/* Begin PBXTargetDependency section */
		C3D824E11F1325A90033739B /* PBXTargetDependency */ = {
			isa = PBXTargetDependency;
			target = C3D824C21F1325A90033739B /* TestTaskTranslate */;
			targetProxy = C3D824E01F1325A90033739B /* PBXContainerItemProxy */;
		};
		C3D824EC1F1325A90033739B /* PBXTargetDependency */ = {
			isa = PBXTargetDependency;
			target = C3D824C21F1325A90033739B /* TestTaskTranslate */;
			targetProxy = C3D824EB1F1325A90033739B /* PBXContainerItemProxy */;
		};
/* End PBXTargetDependency section */

/* Begin PBXVariantGroup section */
		C3D824CF1F1325A90033739B /* Main.storyboard */ = {
			isa = PBXVariantGroup;
			children = (
				C3D824D01F1325A90033739B /* Base */,
			);
			name = Main.storyboard;
			sourceTree = "<group>";
		};
		C3D824D71F1325A90033739B /* LaunchScreen.storyboard */ = {
			isa = PBXVariantGroup;
			children = (
				C3D824D81F1325A90033739B /* Base */,
			);
			name = LaunchScreen.storyboard;
			sourceTree = "<group>";
		};
/* End PBXVariantGroup section */

/* Begin XCBuildConfiguration section */
		C3D824F11F1325A90033739B /* Debug */ = {
			isa = XCBuildConfiguration;
			buildSettings = {
				ALWAYS_SEARCH_USER_PATHS = NO;
				CLANG_ANALYZER_NONNULL = YES;
				CLANG_ANALYZER_NUMBER_OBJECT_CONVERSION = YES_AGGRESSIVE;
				CLANG_CXX_LANGUAGE_STANDARD = "gnu++0x";
				CLANG_CXX_LIBRARY = "libc++";
				CLANG_ENABLE_MODULES = YES;
				CLANG_ENABLE_OBJC_ARC = YES;
				CLANG_WARN_BOOL_CONVERSION = YES;
				CLANG_WARN_CONSTANT_CONVERSION = YES;
				CLANG_WARN_DIRECT_OBJC_ISA_USAGE = YES_ERROR;
				CLANG_WARN_DOCUMENTATION_COMMENTS = YES;
				CLANG_WARN_EMPTY_BODY = YES;
				CLANG_WARN_ENUM_CONVERSION = YES;
				CLANG_WARN_INFINITE_RECURSION = YES;
				CLANG_WARN_INT_CONVERSION = YES;
				CLANG_WARN_OBJC_ROOT_CLASS = YES_ERROR;
				CLANG_WARN_SUSPICIOUS_MOVE = YES;
				CLANG_WARN_UNREACHABLE_CODE = YES;
				CLANG_WARN__DUPLICATE_METHOD_MATCH = YES;
				"CODE_SIGN_IDENTITY[sdk=iphoneos*]" = "iPhone Developer";
				COPY_PHASE_STRIP = NO;
				DEBUG_INFORMATION_FORMAT = dwarf;
				ENABLE_STRICT_OBJC_MSGSEND = YES;
				ENABLE_TESTABILITY = YES;
				GCC_C_LANGUAGE_STANDARD = gnu99;
				GCC_DYNAMIC_NO_PIC = NO;
				GCC_NO_COMMON_BLOCKS = YES;
				GCC_OPTIMIZATION_LEVEL = 0;
				GCC_PREPROCESSOR_DEFINITIONS = (
					"DEBUG=1",
					"$(inherited)",
				);
				GCC_WARN_64_TO_32_BIT_CONVERSION = YES;
				GCC_WARN_ABOUT_RETURN_TYPE = YES_ERROR;
				GCC_WARN_UNDECLARED_SELECTOR = YES;
				GCC_WARN_UNINITIALIZED_AUTOS = YES_AGGRESSIVE;
				GCC_WARN_UNUSED_FUNCTION = YES;
				GCC_WARN_UNUSED_VARIABLE = YES;
				IPHONEOS_DEPLOYMENT_TARGET = 10.3;
				MTL_ENABLE_DEBUG_INFO = YES;
				ONLY_ACTIVE_ARCH = YES;
				SDKROOT = iphoneos;
				TARGETED_DEVICE_FAMILY = "1,2";
			};
			name = Debug;
		};
		C3D824F21F1325A90033739B /* Release */ = {
			isa = XCBuildConfiguration;
			buildSettings = {
				ALWAYS_SEARCH_USER_PATHS = NO;
				CLANG_ANALYZER_NONNULL = YES;
				CLANG_ANALYZER_NUMBER_OBJECT_CONVERSION = YES_AGGRESSIVE;
				CLANG_CXX_LANGUAGE_STANDARD = "gnu++0x";
				CLANG_CXX_LIBRARY = "libc++";
				CLANG_ENABLE_MODULES = YES;
				CLANG_ENABLE_OBJC_ARC = YES;
				CLANG_WARN_BOOL_CONVERSION = YES;
				CLANG_WARN_CONSTANT_CONVERSION = YES;
				CLANG_WARN_DIRECT_OBJC_ISA_USAGE = YES_ERROR;
				CLANG_WARN_DOCUMENTATION_COMMENTS = YES;
				CLANG_WARN_EMPTY_BODY = YES;
				CLANG_WARN_ENUM_CONVERSION = YES;
				CLANG_WARN_INFINITE_RECURSION = YES;
				CLANG_WARN_INT_CONVERSION = YES;
				CLANG_WARN_OBJC_ROOT_CLASS = YES_ERROR;
				CLANG_WARN_SUSPICIOUS_MOVE = YES;
				CLANG_WARN_UNREACHABLE_CODE = YES;
				CLANG_WARN__DUPLICATE_METHOD_MATCH = YES;
				"CODE_SIGN_IDENTITY[sdk=iphoneos*]" = "iPhone Developer";
				COPY_PHASE_STRIP = NO;
				DEBUG_INFORMATION_FORMAT = "dwarf-with-dsym";
				ENABLE_NS_ASSERTIONS = NO;
				ENABLE_STRICT_OBJC_MSGSEND = YES;
				GCC_C_LANGUAGE_STANDARD = gnu99;
				GCC_NO_COMMON_BLOCKS = YES;
				GCC_WARN_64_TO_32_BIT_CONVERSION = YES;
				GCC_WARN_ABOUT_RETURN_TYPE = YES_ERROR;
				GCC_WARN_UNDECLARED_SELECTOR = YES;
				GCC_WARN_UNINITIALIZED_AUTOS = YES_AGGRESSIVE;
				GCC_WARN_UNUSED_FUNCTION = YES;
				GCC_WARN_UNUSED_VARIABLE = YES;
				IPHONEOS_DEPLOYMENT_TARGET = 10.3;
				MTL_ENABLE_DEBUG_INFO = NO;
				SDKROOT = iphoneos;
				TARGETED_DEVICE_FAMILY = "1,2";
				VALIDATE_PRODUCT = YES;
			};
			name = Release;
		};
		C3D824F41F1325A90033739B /* Debug */ = {
			isa = XCBuildConfiguration;
			buildSettings = {
				ASSETCATALOG_COMPILER_APPICON_NAME = AppIcon;
				INFOPLIST_FILE = TestTaskTranslate/Info.plist;
				LD_RUNPATH_SEARCH_PATHS = "$(inherited) @executable_path/Frameworks";
				PRODUCT_BUNDLE_IDENTIFIER = home.TestTaskTranslate;
				PRODUCT_NAME = "$(TARGET_NAME)";
			};
			name = Debug;
		};
		C3D824F51F1325A90033739B /* Release */ = {
			isa = XCBuildConfiguration;
			buildSettings = {
				ASSETCATALOG_COMPILER_APPICON_NAME = AppIcon;
				INFOPLIST_FILE = TestTaskTranslate/Info.plist;
				LD_RUNPATH_SEARCH_PATHS = "$(inherited) @executable_path/Frameworks";
				PRODUCT_BUNDLE_IDENTIFIER = home.TestTaskTranslate;
				PRODUCT_NAME = "$(TARGET_NAME)";
			};
			name = Release;
		};
		C3D824F71F1325A90033739B /* Debug */ = {
			isa = XCBuildConfiguration;
			buildSettings = {
				BUNDLE_LOADER = "$(TEST_HOST)";
				INFOPLIST_FILE = TestTaskTranslateTests/Info.plist;
				LD_RUNPATH_SEARCH_PATHS = "$(inherited) @executable_path/Frameworks @loader_path/Frameworks";
				PRODUCT_BUNDLE_IDENTIFIER = home.TestTaskTranslateTests;
				PRODUCT_NAME = "$(TARGET_NAME)";
				TEST_HOST = "$(BUILT_PRODUCTS_DIR)/TestTaskTranslate.app/TestTaskTranslate";
			};
			name = Debug;
		};
		C3D824F81F1325A90033739B /* Release */ = {
			isa = XCBuildConfiguration;
			buildSettings = {
				BUNDLE_LOADER = "$(TEST_HOST)";
				INFOPLIST_FILE = TestTaskTranslateTests/Info.plist;
				LD_RUNPATH_SEARCH_PATHS = "$(inherited) @executable_path/Frameworks @loader_path/Frameworks";
				PRODUCT_BUNDLE_IDENTIFIER = home.TestTaskTranslateTests;
				PRODUCT_NAME = "$(TARGET_NAME)";
				TEST_HOST = "$(BUILT_PRODUCTS_DIR)/TestTaskTranslate.app/TestTaskTranslate";
			};
			name = Release;
		};
		C3D824FA1F1325A90033739B /* Debug */ = {
			isa = XCBuildConfiguration;
			buildSettings = {
				INFOPLIST_FILE = TestTaskTranslateUITests/Info.plist;
				LD_RUNPATH_SEARCH_PATHS = "$(inherited) @executable_path/Frameworks @loader_path/Frameworks";
				PRODUCT_BUNDLE_IDENTIFIER = home.TestTaskTranslateUITests;
				PRODUCT_NAME = "$(TARGET_NAME)";
				TEST_TARGET_NAME = TestTaskTranslate;
			};
			name = Debug;
		};
		C3D824FB1F1325A90033739B /* Release */ = {
			isa = XCBuildConfiguration;
			buildSettings = {
				INFOPLIST_FILE = TestTaskTranslateUITests/Info.plist;
				LD_RUNPATH_SEARCH_PATHS = "$(inherited) @executable_path/Frameworks @loader_path/Frameworks";
				PRODUCT_BUNDLE_IDENTIFIER = home.TestTaskTranslateUITests;
				PRODUCT_NAME = "$(TARGET_NAME)";
				TEST_TARGET_NAME = TestTaskTranslate;
			};
			name = Release;
		};
/* End XCBuildConfiguration section */

/* Begin XCConfigurationList section */
		C3D824BE1F1325A90033739B /* Build configuration list for PBXProject "TestTaskTranslate" */ = {
			isa = XCConfigurationList;
			buildConfigurations = (
				C3D824F11F1325A90033739B /* Debug */,
				C3D824F21F1325A90033739B /* Release */,
			);
			defaultConfigurationIsVisible = 0;
			defaultConfigurationName = Release;
		};
		C3D824F31F1325A90033739B /* Build configuration list for PBXNativeTarget "TestTaskTranslate" */ = {
			isa = XCConfigurationList;
			buildConfigurations = (
				C3D824F41F1325A90033739B /* Debug */,
				C3D824F51F1325A90033739B /* Release */,
			);
			defaultConfigurationIsVisible = 0;
		};
		C3D824F61F1325A90033739B /* Build configuration list for PBXNativeTarget "TestTaskTranslateTests" */ = {
			isa = XCConfigurationList;
			buildConfigurations = (
				C3D824F71F1325A90033739B /* Debug */,
				C3D824F81F1325A90033739B /* Release */,
			);
			defaultConfigurationIsVisible = 0;
		};
		C3D824F91F1325A90033739B /* Build configuration list for PBXNativeTarget "TestTaskTranslateUITests" */ = {
			isa = XCConfigurationList;
			buildConfigurations = (
				C3D824FA1F1325A90033739B /* Debug */,
				C3D824FB1F1325A90033739B /* Release */,
			);
			defaultConfigurationIsVisible = 0;
		};
/* End XCConfigurationList section */

/* Begin XCVersionGroup section */
		C3D824D21F1325A90033739B /* TestTaskTranslate.xcdatamodeld */ = {
			isa = XCVersionGroup;
			children = (
				C3D824D31F1325A90033739B /* TestTaskTranslate.xcdatamodel */,
			);
			currentVersion = C3D824D31F1325A90033739B /* TestTaskTranslate.xcdatamodel */;
			path = TestTaskTranslate.xcdatamodeld;
			sourceTree = "<group>";
			versionGroupType = wrapper.xcdatamodel;
		};
/* End XCVersionGroup section */
	};
	rootObject = C3D824BB1F1325A90033739B /* Project object */;
}
